
Microsoft Visual Studio Solution File, Format Version 12.00
# Visual Studio Version 17
VisualStudioVersion = 17.4.33205.214
MinimumVisualStudioVersion = 10.0.40219.1
Project("{FAE04EC0-301F-11D3-BF4B-00C04F79EFBC}") = "ConvertApp", "ConvertApp.csproj", "{FBEDFD6C-B2D5-45EE-985D-B308A03149A8}"
EndProject
Global
	GlobalSection(SolutionConfigurationPlatforms) = preSolution
		Debug|Any CPU = Debug|Any CPU
		Release|Any CPU = Release|Any CPU
	EndGlobalSection
	GlobalSection(ProjectConfigurationPlatforms) = postSolution
		{FBEDFD6C-B2D5-45EE-985D-B308A03149A8}.Debug|Any CPU.ActiveCfg = Debug|Any CPU
		{FBEDFD6C-B2D5-45EE-985D-B308A03149A8}.Debug|Any CPU.Build.0 = Debug|Any CPU
		{FBEDFD6C-B2D5-45EE-985D-B308A03149A8}.Release|Any CPU.ActiveCfg = Release|Any CPU
		{FBEDFD6C-B2D5-45EE-985D-B308A03149A8}.Release|Any CPU.Build.0 = Release|Any CPU
	EndGlobalSection
	GlobalSection(SolutionProperties) = preSolution
		HideSolutionNode = FALSE
	EndGlobalSection
	GlobalSection(ExtensibilityGlobals) = postSolution
		SolutionGuid = {BC3F0C89-299B-43AE-81A7-E27F8A6478BB}
	EndGlobalSection
EndGlobal
